
Microsoft Visual Studio Solution File, Format Version 12.00
# Visual Studio Version 17
VisualStudioVersion = 17.13.35825.156
MinimumVisualStudioVersion = 10.0.40219.1
Project("{9A19103F-16F7-4668-BE54-9A1E7A4F7556}") = "GrpcClientDayOne", "..\GrpcClientDayOne\GrpcClientDayOne.csproj", "{45ABED54-4EE7-4081-A889-02973A9296A0}"
EndProject
Project("{9A19103F-16F7-4668-BE54-9A1E7A4F7556}") = "GrpcServiceDayOne", "..\GrpcServiceDayOne\GrpcServiceDayOne.csproj", "{8C31B005-BF89-E78C-F419-0811679DA259}"
EndProject
Project("{9A19103F-16F7-4668-BE54-9A1E7A4F7556}") = "GrpcServiceDepency", "..\GrpcServiceDepency\GrpcServiceDepency.csproj", "{E4811F56-6507-4ED6-9467-68771F770C64}"
EndProject
Project("{9A19103F-16F7-4668-BE54-9A1E7A4F7556}") = "DeadLineService", "..\DeadLineService\DeadLineService.csproj", "{19C755D3-C6F9-4164-ADCC-6C73CBEBA784}"
EndProject
Project("{9A19103F-16F7-4668-BE54-9A1E7A4F7556}") = "GreeterClient", "..\GreeterClient\GreeterClient.csproj", "{F004FD26-816C-48EA-AF9E-83D741F1B364}"
EndProject
Project("{9A19103F-16F7-4668-BE54-9A1E7A4F7556}") = "SuperShop.Bll", "..\SuperShop.Bll\SuperShop.Bll.csproj", "{D92C2F6B-2740-D0B3-4679-4D7D23215382}"
EndProject
Project("{9A19103F-16F7-4668-BE54-9A1E7A4F7556}") = "SuperShop.Dal", "..\SuperShop.Dal\SuperShop.Dal.csproj", "{E4627098-69DA-A1A2-7035-6ADEAB5D1509}"
EndProject
Project("{9A19103F-16F7-4668-BE54-9A1E7A4F7556}") = "SuperShop.Model", "..\SuperShop.Model\SuperShop.Model.csproj", "{FA46BA2E-2940-9897-B777-9C1B391C93C6}"
EndProject
Project("{9A19103F-16F7-4668-BE54-9A1E7A4F7556}") = "SuperShop.GrpcServer", "..\SuperShop.GrpcServer\SuperShop.GrpcServer.csproj", "{16383534-D64F-4ACD-BCEC-896E8A3EA7BA}"
EndProject
Project("{9A19103F-16F7-4668-BE54-9A1E7A4F7556}") = "SuperShop.GrpcClient", "..\SuperShop.GrpcClient\SuperShop.GrpcClient.csproj", "{180E87D7-5A5F-440B-93DF-00660A7EFADA}"
EndProject
Project("{9A19103F-16F7-4668-BE54-9A1E7A4F7556}") = "MiddleWareService", "..\MiddleWareService\MiddleWareService.csproj", "{2B0F9D2F-80A0-49BD-BDCC-2D4D6692DD97}"
EndProject
Project("{9A19103F-16F7-4668-BE54-9A1E7A4F7556}") = "GrpcRetryDemoServer", "..\GrpcRetryDemoServer\GrpcRetryDemoServer.csproj", "{6BA68A8E-796C-4B9D-A203-3CF317ABC594}"
EndProject
Project("{9A19103F-16F7-4668-BE54-9A1E7A4F7556}") = "GrpcRetryClientDemo", "..\GrpcRetryClientDemo\GrpcRetryClientDemo.csproj", "{AD45D4F5-395D-4F5E-BA12-C31D6583C99A}"
EndProject
Project("{9A19103F-16F7-4668-BE54-9A1E7A4F7556}") = "GrpcHealthCheckServerDemo", "..\GrpcHealthCheckServerDemo\GrpcHealthCheckServerDemo.csproj", "{9A2B6FB8-BF30-48ED-A538-AA256B2BCEC1}"
EndProject
Project("{9A19103F-16F7-4668-BE54-9A1E7A4F7556}") = "GrpcHealthCheckClient", "..\GrpcHealthCheckClient\GrpcHealthCheckClient.csproj", "{8B97E710-E446-4000-8A35-F9F3AE37DC93}"
EndProject
Project("{2150E333-8FDC-42A3-9474-1A3956D46DE8}") = "LoadBalancing", "LoadBalancing", "{02EA681E-C7D8-13C7-8484-4AC65E1B71E8}"
EndProject
Project("{9A19103F-16F7-4668-BE54-9A1E7A4F7556}") = "GrpcLoadBalancigHost1", "..\GrpcLoadBalancigHost1\GrpcLoadBalancigHost1.csproj", "{9741A704-E12E-43CD-B539-1508B042646D}"
EndProject
Project("{9A19103F-16F7-4668-BE54-9A1E7A4F7556}") = "GrpcLoadBalancigHost2", "..\GrpcLoadBalancigHost2\GrpcLoadBalancigHost2.csproj", "{206F468C-712D-4E0E-B64D-0BDCF74E3F56}"
EndProject
Project("{9A19103F-16F7-4668-BE54-9A1E7A4F7556}") = "GrpcLoadBalancigClient", "..\GrpcLoadBalancigClient\GrpcLoadBalancigClient.csproj", "{2865ECFF-5D78-4D0F-8595-A6C46A354C31}"
EndProject
Project("{9A19103F-16F7-4668-BE54-9A1E7A4F7556}") = "DIDemo", "..\DIDemo\DIDemo.csproj", "{9F3B63B0-CBFC-4E9F-BB9D-D11CBB7D2754}"
EndProject
Project("{2150E333-8FDC-42A3-9474-1A3956D46DE8}") = "namedPipe", "namedPipe", "{A4A0FB90-C82C-4DA3-8E39-F221AF9BE5C5}"
	ProjectSection(SolutionItems) = preProject
		namedPipeInfo.txt = namedPipeInfo.txt
	EndProjectSection
EndProject
Project("{2150E333-8FDC-42A3-9474-1A3956D46DE8}") = "CodeFirst", "CodeFirst", "{78480EF1-D369-45DD-8603-CC044FE4B548}"
	ProjectSection(SolutionItems) = preProject
		CodeFirsInfo.txt = CodeFirsInfo.txt
	EndProjectSection
EndProject
Project("{9A19103F-16F7-4668-BE54-9A1E7A4F7556}") = "GrpcPipeService", "..\NamedPipe\GrpcPipeService\GrpcPipeService.csproj", "{B3B0604A-FC62-4560-81E5-938AF1F035EF}"
EndProject
Project("{9A19103F-16F7-4668-BE54-9A1E7A4F7556}") = "GrpcPipeClient", "..\NamedPipe\GrpcPipeClient\GrpcPipeClient.csproj", "{C0035EDC-A950-40A5-8DA3-27A44C85E156}"
EndProject
Project("{9A19103F-16F7-4668-BE54-9A1E7A4F7556}") = "CodeFirstClient", "..\CodeFirst\CodeFirstClient\CodeFirstClient.csproj", "{589E2B4B-09A3-44D6-84DC-76A781FA23D0}"
EndProject
Project("{9A19103F-16F7-4668-BE54-9A1E7A4F7556}") = "CodeFirstServer", "..\CodeFirst\CodeFirstServer\CodeFirstServer.csproj", "{F7BC275D-8595-4895-8575-607C2927BC01}"
EndProject
Project("{9A19103F-16F7-4668-BE54-9A1E7A4F7556}") = "Shared", "..\CodeFirst\Shared\Shared.csproj", "{F22C27BD-1A2D-441C-8104-0F4D89DC96E5}"
EndProject
Project("{2150E333-8FDC-42A3-9474-1A3956D46DE8}") = "FileHandling", "FileHandling", "{8D87D881-97CB-4E93-8C33-C1A2C286B8B1}"
	ProjectSection(SolutionItems) = preProject
		filelHandlingInfo.txt = filelHandlingInfo.txt
	EndProjectSection
EndProject
Project("{2150E333-8FDC-42A3-9474-1A3956D46DE8}") = "GrpcJson", "GrpcJson", "{E63F100D-CA27-4F33-A4A4-BEAD0866355A}"
	ProjectSection(SolutionItems) = preProject
		grpcJsonInfo.txt = grpcJsonInfo.txt
	EndProjectSection
EndProject
Project("{2150E333-8FDC-42A3-9474-1A3956D46DE8}") = "testing", "testing", "{A9C4F2CA-2A49-4B76-BB26-7B53FB96910F}"
	ProjectSection(SolutionItems) = preProject
		testInfo.txt = testInfo.txt
	EndProjectSection
EndProject
Project("{9A19103F-16F7-4668-BE54-9A1E7A4F7556}") = "GrpcFileClient", "..\FileHandling\GrpcFileClient\GrpcFileClient.csproj", "{4425DC84-3D16-4C3A-8681-03C3368A6B4D}"
EndProject
Project("{9A19103F-16F7-4668-BE54-9A1E7A4F7556}") = "GrpcFileServer", "..\FileHandling\GrpcFileServer\GrpcFileServer.csproj", "{2C15E6A1-1929-46F5-A9CA-8F1A9A9CB434}"
EndProject
Project("{9A19103F-16F7-4668-BE54-9A1E7A4F7556}") = "GrpcJsonServer", "..\GrpcJson\GrpcJsonServer\GrpcJsonServer.csproj", "{EFA48132-CB3C-4505-8BFE-7A1F3F829CD1}"
EndProject
Project("{9A19103F-16F7-4668-BE54-9A1E7A4F7556}") = "GrpcJsonClient", "..\GrpcJson\GrpcJsonClient\GrpcJsonClient.csproj", "{B8D7694E-CBB2-4BC4-9B2B-9C03F8C820E6}"
EndProject
Project("{9A19103F-16F7-4668-BE54-9A1E7A4F7556}") = "TestProject1", "..\Testing\TestProject1\TestProject1.csproj", "{250EEA90-62AC-4BF5-A730-552FF3601611}"
EndProject
Project("{9A19103F-16F7-4668-BE54-9A1E7A4F7556}") = "GrpcServiceUnderTest", "..\Testing\GrpcServiceUnderTest\GrpcServiceUnderTest.csproj", "{C57D2C2D-D9BD-46AB-9C04-2EB305238A57}"
EndProject
Project("{2150E333-8FDC-42A3-9474-1A3956D46DE8}") = "playgound", "playgound", "{452E65C3-D95F-4241-8FE6-45818E1585B8}"
EndProject
Project("{9A19103F-16F7-4668-BE54-9A1E7A4F7556}") = "GrpcService1", "..\playgournd\GrpcService1\GrpcService1.csproj", "{5878316F-0B0A-4216-A44E-474F0D96AFB1}"
EndProject
Project("{9A19103F-16F7-4668-BE54-9A1E7A4F7556}") = "ConsoleApp1", "..\playgournd\ConsoleApp1\ConsoleApp1.csproj", "{B0E69A3E-32D2-45F4-9AB5-5C09E23BE24B}"
EndProject
Project("{2150E333-8FDC-42A3-9474-1A3956D46DE8}") = "gzip", "gzip", "{22957402-E2A7-45E8-96DE-005EF0DA6D88}"
EndProject
Project("{9A19103F-16F7-4668-BE54-9A1E7A4F7556}") = "GrpcIntro", "..\gzip\GrpcIntro\GrpcIntro.csproj", "{4E78D2A7-9BE2-4472-B5A4-6E6A9D4C8229}"
EndProject
Project("{9A19103F-16F7-4668-BE54-9A1E7A4F7556}") = "GrpcIntroClient", "..\gzip\GrpcIntroClient\GrpcIntroClient.csproj", "{49BF5B8E-2ABF-4927-A469-C84A386CC521}"
EndProject
Project("{2150E333-8FDC-42A3-9474-1A3956D46DE8}") = "DeadLine", "DeadLine", "{89983504-16EE-4F57-BEB2-11997A61FF17}"
EndProject
Project("{2150E333-8FDC-42A3-9474-1A3956D46DE8}") = "HealthCheck", "HealthCheck", "{54F59283-57CA-4716-BE33-F3ABF0EF64FE}"
EndProject
Project("{2150E333-8FDC-42A3-9474-1A3956D46DE8}") = "Retry_and_Client_Interceptor_with_logging", "Retry_and_Client_Interceptor_with_logging", "{0D57132E-3955-4853-882E-A3414FFB2BF7}"
EndProject
Project("{2150E333-8FDC-42A3-9474-1A3956D46DE8}") = "DI", "DI", "{4B86F962-C9B6-4C00-8284-43A337D45E51}"
EndProject
Project("{2150E333-8FDC-42A3-9474-1A3956D46DE8}") = "MiddleWare", "MiddleWare", "{CE44A7DB-BFDE-4B64-844D-A9B6C4787BC5}"
EndProject
Project("{2150E333-8FDC-42A3-9474-1A3956D46DE8}") = "ComplexShop", "ComplexShop", "{14695601-1287-4285-9848-EED93D1AE409}"
	ProjectSection(SolutionItems) = preProject
		ComplexShop_info.txt = ComplexShop_info.txt
	EndProjectSection
EndProject
Project("{2150E333-8FDC-42A3-9474-1A3956D46DE8}") = "RemoteLogger", "RemoteLogger", "{93DDE28D-BF99-4E06-9988-AAF1F01C87EE}"
EndProject
Project("{9A19103F-16F7-4668-BE54-9A1E7A4F7556}") = "LoggerServer", "..\RemoteLogger\LoggerServer\LoggerServer.csproj", "{0FDE2B6C-BE1D-452A-96BF-FF9695992CF0}"
EndProject
Project("{9A19103F-16F7-4668-BE54-9A1E7A4F7556}") = "LoggerClient", "..\RemoteLogger\LoggerClient\LoggerClient.csproj", "{D67F9A31-7CB8-4245-8B05-42802E1B6AFA}"
EndProject
Project("{9A19103F-16F7-4668-BE54-9A1E7A4F7556}") = "Project_uTest", "..\RemoteLogger\Project_uTest\Project_uTest.csproj", "{9739FE31-05BC-438E-965D-D8FDA543C0D3}"
EndProject
Project("{9A19103F-16F7-4668-BE54-9A1E7A4F7556}") = "ConsoleAppFramework", "..\RemoteLogger\ConsoleAppFramework\ConsoleAppFramework.csproj", "{33741A9D-3A8B-42D4-BC11-5081A071CA8A}"
EndProject
Project("{9A19103F-16F7-4668-BE54-9A1E7A4F7556}") = "LoggerProxy", "..\RemoteLogger\LoggerProxy\LoggerProxy.csproj", "{C8482A71-6CBC-4E52-A0B0-8C57A51C3239}"
EndProject
Project("{2150E333-8FDC-42A3-9474-1A3956D46DE8}") = "FullExample", "FullExample", "{5CF0B83C-ECA0-4EEB-AC2A-4926103CCB1A}"
	ProjectSection(SolutionItems) = preProject
		Readme.txt = Readme.txt
	EndProjectSection
EndProject
Project("{9A19103F-16F7-4668-BE54-9A1E7A4F7556}") = "GrpsOverAllExamplesClients", "..\FullExample\GrpsOverAllExamplesClients\GrpsOverAllExamplesClients.csproj", "{C0F0943A-13BA-494A-9EBA-D956FE440060}"
EndProject
Project("{9A19103F-16F7-4668-BE54-9A1E7A4F7556}") = "SuperShopServer", "..\FullExample\SuperShopServer\SuperShopServer.csproj", "{3C225C64-05A5-403A-AC60-AC238759AD11}"
EndProject
Project("{FAE04EC0-301F-11D3-BF4B-00C04F79EFBC}") = "SuperShopClient", "..\FullExample\SuperShopClient\SuperShopClient.csproj", "{D7ED6CEB-FFE5-4687-B228-788C030F87E1}"
EndProject
Global
	GlobalSection(SolutionConfigurationPlatforms) = preSolution
		Debug|Any CPU = Debug|Any CPU
		Release|Any CPU = Release|Any CPU
	EndGlobalSection
	GlobalSection(ProjectConfigurationPlatforms) = postSolution
		{45ABED54-4EE7-4081-A889-02973A9296A0}.Debug|Any CPU.ActiveCfg = Debug|Any CPU
		{45ABED54-4EE7-4081-A889-02973A9296A0}.Debug|Any CPU.Build.0 = Debug|Any CPU
		{45ABED54-4EE7-4081-A889-02973A9296A0}.Release|Any CPU.ActiveCfg = Release|Any CPU
		{45ABED54-4EE7-4081-A889-02973A9296A0}.Release|Any CPU.Build.0 = Release|Any CPU
		{8C31B005-BF89-E78C-F419-0811679DA259}.Debug|Any CPU.ActiveCfg = Debug|Any CPU
		{8C31B005-BF89-E78C-F419-0811679DA259}.Debug|Any CPU.Build.0 = Debug|Any CPU
		{8C31B005-BF89-E78C-F419-0811679DA259}.Release|Any CPU.ActiveCfg = Release|Any CPU
		{8C31B005-BF89-E78C-F419-0811679DA259}.Release|Any CPU.Build.0 = Release|Any CPU
		{E4811F56-6507-4ED6-9467-68771F770C64}.Debug|Any CPU.ActiveCfg = Debug|Any CPU
		{E4811F56-6507-4ED6-9467-68771F770C64}.Debug|Any CPU.Build.0 = Debug|Any CPU
		{E4811F56-6507-4ED6-9467-68771F770C64}.Release|Any CPU.ActiveCfg = Release|Any CPU
		{E4811F56-6507-4ED6-9467-68771F770C64}.Release|Any CPU.Build.0 = Release|Any CPU
		{19C755D3-C6F9-4164-ADCC-6C73CBEBA784}.Debug|Any CPU.ActiveCfg = Debug|Any CPU
		{19C755D3-C6F9-4164-ADCC-6C73CBEBA784}.Debug|Any CPU.Build.0 = Debug|Any CPU
		{19C755D3-C6F9-4164-ADCC-6C73CBEBA784}.Release|Any CPU.ActiveCfg = Release|Any CPU
		{19C755D3-C6F9-4164-ADCC-6C73CBEBA784}.Release|Any CPU.Build.0 = Release|Any CPU
		{F004FD26-816C-48EA-AF9E-83D741F1B364}.Debug|Any CPU.ActiveCfg = Debug|Any CPU
		{F004FD26-816C-48EA-AF9E-83D741F1B364}.Debug|Any CPU.Build.0 = Debug|Any CPU
		{F004FD26-816C-48EA-AF9E-83D741F1B364}.Release|Any CPU.ActiveCfg = Release|Any CPU
		{F004FD26-816C-48EA-AF9E-83D741F1B364}.Release|Any CPU.Build.0 = Release|Any CPU
		{D92C2F6B-2740-D0B3-4679-4D7D23215382}.Debug|Any CPU.ActiveCfg = Debug|Any CPU
		{D92C2F6B-2740-D0B3-4679-4D7D23215382}.Debug|Any CPU.Build.0 = Debug|Any CPU
		{D92C2F6B-2740-D0B3-4679-4D7D23215382}.Release|Any CPU.ActiveCfg = Release|Any CPU
		{D92C2F6B-2740-D0B3-4679-4D7D23215382}.Release|Any CPU.Build.0 = Release|Any CPU
		{E4627098-69DA-A1A2-7035-6ADEAB5D1509}.Debug|Any CPU.ActiveCfg = Debug|Any CPU
		{E4627098-69DA-A1A2-7035-6ADEAB5D1509}.Debug|Any CPU.Build.0 = Debug|Any CPU
		{E4627098-69DA-A1A2-7035-6ADEAB5D1509}.Release|Any CPU.ActiveCfg = Release|Any CPU
		{E4627098-69DA-A1A2-7035-6ADEAB5D1509}.Release|Any CPU.Build.0 = Release|Any CPU
		{FA46BA2E-2940-9897-B777-9C1B391C93C6}.Debug|Any CPU.ActiveCfg = Debug|Any CPU
		{FA46BA2E-2940-9897-B777-9C1B391C93C6}.Debug|Any CPU.Build.0 = Debug|Any CPU
		{FA46BA2E-2940-9897-B777-9C1B391C93C6}.Release|Any CPU.ActiveCfg = Release|Any CPU
		{FA46BA2E-2940-9897-B777-9C1B391C93C6}.Release|Any CPU.Build.0 = Release|Any CPU
		{16383534-D64F-4ACD-BCEC-896E8A3EA7BA}.Debug|Any CPU.ActiveCfg = Debug|Any CPU
		{16383534-D64F-4ACD-BCEC-896E8A3EA7BA}.Debug|Any CPU.Build.0 = Debug|Any CPU
		{16383534-D64F-4ACD-BCEC-896E8A3EA7BA}.Release|Any CPU.ActiveCfg = Release|Any CPU
		{16383534-D64F-4ACD-BCEC-896E8A3EA7BA}.Release|Any CPU.Build.0 = Release|Any CPU
		{180E87D7-5A5F-440B-93DF-00660A7EFADA}.Debug|Any CPU.ActiveCfg = Debug|Any CPU
		{180E87D7-5A5F-440B-93DF-00660A7EFADA}.Debug|Any CPU.Build.0 = Debug|Any CPU
		{180E87D7-5A5F-440B-93DF-00660A7EFADA}.Release|Any CPU.ActiveCfg = Release|Any CPU
		{180E87D7-5A5F-440B-93DF-00660A7EFADA}.Release|Any CPU.Build.0 = Release|Any CPU
		{2B0F9D2F-80A0-49BD-BDCC-2D4D6692DD97}.Debug|Any CPU.ActiveCfg = Debug|Any CPU
		{2B0F9D2F-80A0-49BD-BDCC-2D4D6692DD97}.Debug|Any CPU.Build.0 = Debug|Any CPU
		{2B0F9D2F-80A0-49BD-BDCC-2D4D6692DD97}.Release|Any CPU.ActiveCfg = Release|Any CPU
		{2B0F9D2F-80A0-49BD-BDCC-2D4D6692DD97}.Release|Any CPU.Build.0 = Release|Any CPU
		{6BA68A8E-796C-4B9D-A203-3CF317ABC594}.Debug|Any CPU.ActiveCfg = Debug|Any CPU
		{6BA68A8E-796C-4B9D-A203-3CF317ABC594}.Debug|Any CPU.Build.0 = Debug|Any CPU
		{6BA68A8E-796C-4B9D-A203-3CF317ABC594}.Release|Any CPU.ActiveCfg = Release|Any CPU
		{6BA68A8E-796C-4B9D-A203-3CF317ABC594}.Release|Any CPU.Build.0 = Release|Any CPU
		{AD45D4F5-395D-4F5E-BA12-C31D6583C99A}.Debug|Any CPU.ActiveCfg = Debug|Any CPU
		{AD45D4F5-395D-4F5E-BA12-C31D6583C99A}.Debug|Any CPU.Build.0 = Debug|Any CPU
		{AD45D4F5-395D-4F5E-BA12-C31D6583C99A}.Release|Any CPU.ActiveCfg = Release|Any CPU
		{AD45D4F5-395D-4F5E-BA12-C31D6583C99A}.Release|Any CPU.Build.0 = Release|Any CPU
		{9A2B6FB8-BF30-48ED-A538-AA256B2BCEC1}.Debug|Any CPU.ActiveCfg = Debug|Any CPU
		{9A2B6FB8-BF30-48ED-A538-AA256B2BCEC1}.Debug|Any CPU.Build.0 = Debug|Any CPU
		{9A2B6FB8-BF30-48ED-A538-AA256B2BCEC1}.Release|Any CPU.ActiveCfg = Release|Any CPU
		{9A2B6FB8-BF30-48ED-A538-AA256B2BCEC1}.Release|Any CPU.Build.0 = Release|Any CPU
		{8B97E710-E446-4000-8A35-F9F3AE37DC93}.Debug|Any CPU.ActiveCfg = Debug|Any CPU
		{8B97E710-E446-4000-8A35-F9F3AE37DC93}.Debug|Any CPU.Build.0 = Debug|Any CPU
		{8B97E710-E446-4000-8A35-F9F3AE37DC93}.Release|Any CPU.ActiveCfg = Release|Any CPU
		{8B97E710-E446-4000-8A35-F9F3AE37DC93}.Release|Any CPU.Build.0 = Release|Any CPU
		{9741A704-E12E-43CD-B539-1508B042646D}.Debug|Any CPU.ActiveCfg = Debug|Any CPU
		{9741A704-E12E-43CD-B539-1508B042646D}.Debug|Any CPU.Build.0 = Debug|Any CPU
		{9741A704-E12E-43CD-B539-1508B042646D}.Release|Any CPU.ActiveCfg = Release|Any CPU
		{9741A704-E12E-43CD-B539-1508B042646D}.Release|Any CPU.Build.0 = Release|Any CPU
		{206F468C-712D-4E0E-B64D-0BDCF74E3F56}.Debug|Any CPU.ActiveCfg = Debug|Any CPU
		{206F468C-712D-4E0E-B64D-0BDCF74E3F56}.Debug|Any CPU.Build.0 = Debug|Any CPU
		{206F468C-712D-4E0E-B64D-0BDCF74E3F56}.Release|Any CPU.ActiveCfg = Release|Any CPU
		{206F468C-712D-4E0E-B64D-0BDCF74E3F56}.Release|Any CPU.Build.0 = Release|Any CPU
		{2865ECFF-5D78-4D0F-8595-A6C46A354C31}.Debug|Any CPU.ActiveCfg = Debug|Any CPU
		{2865ECFF-5D78-4D0F-8595-A6C46A354C31}.Debug|Any CPU.Build.0 = Debug|Any CPU
		{2865ECFF-5D78-4D0F-8595-A6C46A354C31}.Release|Any CPU.ActiveCfg = Release|Any CPU
		{2865ECFF-5D78-4D0F-8595-A6C46A354C31}.Release|Any CPU.Build.0 = Release|Any CPU
		{9F3B63B0-CBFC-4E9F-BB9D-D11CBB7D2754}.Debug|Any CPU.ActiveCfg = Debug|Any CPU
		{9F3B63B0-CBFC-4E9F-BB9D-D11CBB7D2754}.Debug|Any CPU.Build.0 = Debug|Any CPU
		{9F3B63B0-CBFC-4E9F-BB9D-D11CBB7D2754}.Release|Any CPU.ActiveCfg = Release|Any CPU
		{9F3B63B0-CBFC-4E9F-BB9D-D11CBB7D2754}.Release|Any CPU.Build.0 = Release|Any CPU
		{B3B0604A-FC62-4560-81E5-938AF1F035EF}.Debug|Any CPU.ActiveCfg = Debug|Any CPU
		{B3B0604A-FC62-4560-81E5-938AF1F035EF}.Debug|Any CPU.Build.0 = Debug|Any CPU
		{B3B0604A-FC62-4560-81E5-938AF1F035EF}.Release|Any CPU.ActiveCfg = Release|Any CPU
		{B3B0604A-FC62-4560-81E5-938AF1F035EF}.Release|Any CPU.Build.0 = Release|Any CPU
		{C0035EDC-A950-40A5-8DA3-27A44C85E156}.Debug|Any CPU.ActiveCfg = Debug|Any CPU
		{C0035EDC-A950-40A5-8DA3-27A44C85E156}.Debug|Any CPU.Build.0 = Debug|Any CPU
		{C0035EDC-A950-40A5-8DA3-27A44C85E156}.Release|Any CPU.ActiveCfg = Release|Any CPU
		{C0035EDC-A950-40A5-8DA3-27A44C85E156}.Release|Any CPU.Build.0 = Release|Any CPU
		{589E2B4B-09A3-44D6-84DC-76A781FA23D0}.Debug|Any CPU.ActiveCfg = Debug|Any CPU
		{589E2B4B-09A3-44D6-84DC-76A781FA23D0}.Debug|Any CPU.Build.0 = Debug|Any CPU
		{589E2B4B-09A3-44D6-84DC-76A781FA23D0}.Release|Any CPU.ActiveCfg = Release|Any CPU
		{589E2B4B-09A3-44D6-84DC-76A781FA23D0}.Release|Any CPU.Build.0 = Release|Any CPU
		{F7BC275D-8595-4895-8575-607C2927BC01}.Debug|Any CPU.ActiveCfg = Debug|Any CPU
		{F7BC275D-8595-4895-8575-607C2927BC01}.Debug|Any CPU.Build.0 = Debug|Any CPU
		{F7BC275D-8595-4895-8575-607C2927BC01}.Release|Any CPU.ActiveCfg = Release|Any CPU
		{F7BC275D-8595-4895-8575-607C2927BC01}.Release|Any CPU.Build.0 = Release|Any CPU
		{F22C27BD-1A2D-441C-8104-0F4D89DC96E5}.Debug|Any CPU.ActiveCfg = Debug|Any CPU
		{F22C27BD-1A2D-441C-8104-0F4D89DC96E5}.Debug|Any CPU.Build.0 = Debug|Any CPU
		{F22C27BD-1A2D-441C-8104-0F4D89DC96E5}.Release|Any CPU.ActiveCfg = Release|Any CPU
		{F22C27BD-1A2D-441C-8104-0F4D89DC96E5}.Release|Any CPU.Build.0 = Release|Any CPU
		{4425DC84-3D16-4C3A-8681-03C3368A6B4D}.Debug|Any CPU.ActiveCfg = Debug|Any CPU
		{4425DC84-3D16-4C3A-8681-03C3368A6B4D}.Debug|Any CPU.Build.0 = Debug|Any CPU
		{4425DC84-3D16-4C3A-8681-03C3368A6B4D}.Release|Any CPU.ActiveCfg = Release|Any CPU
		{4425DC84-3D16-4C3A-8681-03C3368A6B4D}.Release|Any CPU.Build.0 = Release|Any CPU
		{2C15E6A1-1929-46F5-A9CA-8F1A9A9CB434}.Debug|Any CPU.ActiveCfg = Debug|Any CPU
		{2C15E6A1-1929-46F5-A9CA-8F1A9A9CB434}.Debug|Any CPU.Build.0 = Debug|Any CPU
		{2C15E6A1-1929-46F5-A9CA-8F1A9A9CB434}.Release|Any CPU.ActiveCfg = Release|Any CPU
		{2C15E6A1-1929-46F5-A9CA-8F1A9A9CB434}.Release|Any CPU.Build.0 = Release|Any CPU
		{EFA48132-CB3C-4505-8BFE-7A1F3F829CD1}.Debug|Any CPU.ActiveCfg = Debug|Any CPU
		{EFA48132-CB3C-4505-8BFE-7A1F3F829CD1}.Debug|Any CPU.Build.0 = Debug|Any CPU
		{EFA48132-CB3C-4505-8BFE-7A1F3F829CD1}.Release|Any CPU.ActiveCfg = Release|Any CPU
		{EFA48132-CB3C-4505-8BFE-7A1F3F829CD1}.Release|Any CPU.Build.0 = Release|Any CPU
		{B8D7694E-CBB2-4BC4-9B2B-9C03F8C820E6}.Debug|Any CPU.ActiveCfg = Debug|Any CPU
		{B8D7694E-CBB2-4BC4-9B2B-9C03F8C820E6}.Debug|Any CPU.Build.0 = Debug|Any CPU
		{B8D7694E-CBB2-4BC4-9B2B-9C03F8C820E6}.Release|Any CPU.ActiveCfg = Release|Any CPU
		{B8D7694E-CBB2-4BC4-9B2B-9C03F8C820E6}.Release|Any CPU.Build.0 = Release|Any CPU
		{250EEA90-62AC-4BF5-A730-552FF3601611}.Debug|Any CPU.ActiveCfg = Debug|Any CPU
		{250EEA90-62AC-4BF5-A730-552FF3601611}.Debug|Any CPU.Build.0 = Debug|Any CPU
		{250EEA90-62AC-4BF5-A730-552FF3601611}.Release|Any CPU.ActiveCfg = Release|Any CPU
		{250EEA90-62AC-4BF5-A730-552FF3601611}.Release|Any CPU.Build.0 = Release|Any CPU
		{C57D2C2D-D9BD-46AB-9C04-2EB305238A57}.Debug|Any CPU.ActiveCfg = Debug|Any CPU
		{C57D2C2D-D9BD-46AB-9C04-2EB305238A57}.Debug|Any CPU.Build.0 = Debug|Any CPU
		{C57D2C2D-D9BD-46AB-9C04-2EB305238A57}.Release|Any CPU.ActiveCfg = Release|Any CPU
		{C57D2C2D-D9BD-46AB-9C04-2EB305238A57}.Release|Any CPU.Build.0 = Release|Any CPU
		{5878316F-0B0A-4216-A44E-474F0D96AFB1}.Debug|Any CPU.ActiveCfg = Debug|Any CPU
		{5878316F-0B0A-4216-A44E-474F0D96AFB1}.Debug|Any CPU.Build.0 = Debug|Any CPU
		{5878316F-0B0A-4216-A44E-474F0D96AFB1}.Release|Any CPU.ActiveCfg = Release|Any CPU
		{5878316F-0B0A-4216-A44E-474F0D96AFB1}.Release|Any CPU.Build.0 = Release|Any CPU
		{B0E69A3E-32D2-45F4-9AB5-5C09E23BE24B}.Debug|Any CPU.ActiveCfg = Debug|Any CPU
		{B0E69A3E-32D2-45F4-9AB5-5C09E23BE24B}.Debug|Any CPU.Build.0 = Debug|Any CPU
		{B0E69A3E-32D2-45F4-9AB5-5C09E23BE24B}.Release|Any CPU.ActiveCfg = Release|Any CPU
		{B0E69A3E-32D2-45F4-9AB5-5C09E23BE24B}.Release|Any CPU.Build.0 = Release|Any CPU
		{4E78D2A7-9BE2-4472-B5A4-6E6A9D4C8229}.Debug|Any CPU.ActiveCfg = Debug|Any CPU
		{4E78D2A7-9BE2-4472-B5A4-6E6A9D4C8229}.Debug|Any CPU.Build.0 = Debug|Any CPU
		{4E78D2A7-9BE2-4472-B5A4-6E6A9D4C8229}.Release|Any CPU.ActiveCfg = Release|Any CPU
		{4E78D2A7-9BE2-4472-B5A4-6E6A9D4C8229}.Release|Any CPU.Build.0 = Release|Any CPU
		{49BF5B8E-2ABF-4927-A469-C84A386CC521}.Debug|Any CPU.ActiveCfg = Debug|Any CPU
		{49BF5B8E-2ABF-4927-A469-C84A386CC521}.Debug|Any CPU.Build.0 = Debug|Any CPU
		{49BF5B8E-2ABF-4927-A469-C84A386CC521}.Release|Any CPU.ActiveCfg = Release|Any CPU
		{49BF5B8E-2ABF-4927-A469-C84A386CC521}.Release|Any CPU.Build.0 = Release|Any CPU
		{0FDE2B6C-BE1D-452A-96BF-FF9695992CF0}.Debug|Any CPU.ActiveCfg = Debug|Any CPU
		{0FDE2B6C-BE1D-452A-96BF-FF9695992CF0}.Debug|Any CPU.Build.0 = Debug|Any CPU
		{0FDE2B6C-BE1D-452A-96BF-FF9695992CF0}.Release|Any CPU.ActiveCfg = Release|Any CPU
		{0FDE2B6C-BE1D-452A-96BF-FF9695992CF0}.Release|Any CPU.Build.0 = Release|Any CPU
		{D67F9A31-7CB8-4245-8B05-42802E1B6AFA}.Debug|Any CPU.ActiveCfg = Debug|Any CPU
		{D67F9A31-7CB8-4245-8B05-42802E1B6AFA}.Debug|Any CPU.Build.0 = Debug|Any CPU
		{D67F9A31-7CB8-4245-8B05-42802E1B6AFA}.Release|Any CPU.ActiveCfg = Release|Any CPU
		{D67F9A31-7CB8-4245-8B05-42802E1B6AFA}.Release|Any CPU.Build.0 = Release|Any CPU
		{9739FE31-05BC-438E-965D-D8FDA543C0D3}.Debug|Any CPU.ActiveCfg = Debug|Any CPU
		{9739FE31-05BC-438E-965D-D8FDA543C0D3}.Debug|Any CPU.Build.0 = Debug|Any CPU
		{9739FE31-05BC-438E-965D-D8FDA543C0D3}.Release|Any CPU.ActiveCfg = Release|Any CPU
		{9739FE31-05BC-438E-965D-D8FDA543C0D3}.Release|Any CPU.Build.0 = Release|Any CPU
		{33741A9D-3A8B-42D4-BC11-5081A071CA8A}.Debug|Any CPU.ActiveCfg = Debug|Any CPU
		{33741A9D-3A8B-42D4-BC11-5081A071CA8A}.Debug|Any CPU.Build.0 = Debug|Any CPU
		{33741A9D-3A8B-42D4-BC11-5081A071CA8A}.Release|Any CPU.ActiveCfg = Release|Any CPU
		{33741A9D-3A8B-42D4-BC11-5081A071CA8A}.Release|Any CPU.Build.0 = Release|Any CPU
		{C8482A71-6CBC-4E52-A0B0-8C57A51C3239}.Debug|Any CPU.ActiveCfg = Debug|Any CPU
		{C8482A71-6CBC-4E52-A0B0-8C57A51C3239}.Debug|Any CPU.Build.0 = Debug|Any CPU
		{C8482A71-6CBC-4E52-A0B0-8C57A51C3239}.Release|Any CPU.ActiveCfg = Release|Any CPU
		{C8482A71-6CBC-4E52-A0B0-8C57A51C3239}.Release|Any CPU.Build.0 = Release|Any CPU
		{C0F0943A-13BA-494A-9EBA-D956FE440060}.Debug|Any CPU.ActiveCfg = Debug|Any CPU
		{C0F0943A-13BA-494A-9EBA-D956FE440060}.Debug|Any CPU.Build.0 = Debug|Any CPU
		{C0F0943A-13BA-494A-9EBA-D956FE440060}.Release|Any CPU.ActiveCfg = Release|Any CPU
		{C0F0943A-13BA-494A-9EBA-D956FE440060}.Release|Any CPU.Build.0 = Release|Any CPU
		{3C225C64-05A5-403A-AC60-AC238759AD11}.Debug|Any CPU.ActiveCfg = Debug|Any CPU
		{3C225C64-05A5-403A-AC60-AC238759AD11}.Debug|Any CPU.Build.0 = Debug|Any CPU
		{3C225C64-05A5-403A-AC60-AC238759AD11}.Release|Any CPU.ActiveCfg = Release|Any CPU
		{3C225C64-05A5-403A-AC60-AC238759AD11}.Release|Any CPU.Build.0 = Release|Any CPU
		{D7ED6CEB-FFE5-4687-B228-788C030F87E1}.Debug|Any CPU.ActiveCfg = Debug|Any CPU
		{D7ED6CEB-FFE5-4687-B228-788C030F87E1}.Debug|Any CPU.Build.0 = Debug|Any CPU
		{D7ED6CEB-FFE5-4687-B228-788C030F87E1}.Release|Any CPU.ActiveCfg = Release|Any CPU
		{D7ED6CEB-FFE5-4687-B228-788C030F87E1}.Release|Any CPU.Build.0 = Release|Any CPU
	EndGlobalSection
	GlobalSection(SolutionProperties) = preSolution
		HideSolutionNode = FALSE
	EndGlobalSection
	GlobalSection(NestedProjects) = preSolution
		{E4811F56-6507-4ED6-9467-68771F770C64} = {4B86F962-C9B6-4C00-8284-43A337D45E51}
		{19C755D3-C6F9-4164-ADCC-6C73CBEBA784} = {89983504-16EE-4F57-BEB2-11997A61FF17}
		{F004FD26-816C-48EA-AF9E-83D741F1B364} = {89983504-16EE-4F57-BEB2-11997A61FF17}
		{D92C2F6B-2740-D0B3-4679-4D7D23215382} = {14695601-1287-4285-9848-EED93D1AE409}
		{E4627098-69DA-A1A2-7035-6ADEAB5D1509} = {14695601-1287-4285-9848-EED93D1AE409}
		{FA46BA2E-2940-9897-B777-9C1B391C93C6} = {14695601-1287-4285-9848-EED93D1AE409}
		{16383534-D64F-4ACD-BCEC-896E8A3EA7BA} = {14695601-1287-4285-9848-EED93D1AE409}
		{180E87D7-5A5F-440B-93DF-00660A7EFADA} = {14695601-1287-4285-9848-EED93D1AE409}
		{2B0F9D2F-80A0-49BD-BDCC-2D4D6692DD97} = {CE44A7DB-BFDE-4B64-844D-A9B6C4787BC5}
		{6BA68A8E-796C-4B9D-A203-3CF317ABC594} = {0D57132E-3955-4853-882E-A3414FFB2BF7}
		{AD45D4F5-395D-4F5E-BA12-C31D6583C99A} = {0D57132E-3955-4853-882E-A3414FFB2BF7}
		{9A2B6FB8-BF30-48ED-A538-AA256B2BCEC1} = {54F59283-57CA-4716-BE33-F3ABF0EF64FE}
		{8B97E710-E446-4000-8A35-F9F3AE37DC93} = {54F59283-57CA-4716-BE33-F3ABF0EF64FE}
		{9741A704-E12E-43CD-B539-1508B042646D} = {02EA681E-C7D8-13C7-8484-4AC65E1B71E8}
		{206F468C-712D-4E0E-B64D-0BDCF74E3F56} = {02EA681E-C7D8-13C7-8484-4AC65E1B71E8}
		{2865ECFF-5D78-4D0F-8595-A6C46A354C31} = {02EA681E-C7D8-13C7-8484-4AC65E1B71E8}
		{9F3B63B0-CBFC-4E9F-BB9D-D11CBB7D2754} = {4B86F962-C9B6-4C00-8284-43A337D45E51}
		{B3B0604A-FC62-4560-81E5-938AF1F035EF} = {A4A0FB90-C82C-4DA3-8E39-F221AF9BE5C5}
		{C0035EDC-A950-40A5-8DA3-27A44C85E156} = {A4A0FB90-C82C-4DA3-8E39-F221AF9BE5C5}
		{589E2B4B-09A3-44D6-84DC-76A781FA23D0} = {78480EF1-D369-45DD-8603-CC044FE4B548}
		{F7BC275D-8595-4895-8575-607C2927BC01} = {78480EF1-D369-45DD-8603-CC044FE4B548}
		{F22C27BD-1A2D-441C-8104-0F4D89DC96E5} = {78480EF1-D369-45DD-8603-CC044FE4B548}
		{4425DC84-3D16-4C3A-8681-03C3368A6B4D} = {8D87D881-97CB-4E93-8C33-C1A2C286B8B1}
		{2C15E6A1-1929-46F5-A9CA-8F1A9A9CB434} = {8D87D881-97CB-4E93-8C33-C1A2C286B8B1}
		{EFA48132-CB3C-4505-8BFE-7A1F3F829CD1} = {E63F100D-CA27-4F33-A4A4-BEAD0866355A}
		{B8D7694E-CBB2-4BC4-9B2B-9C03F8C820E6} = {E63F100D-CA27-4F33-A4A4-BEAD0866355A}
		{250EEA90-62AC-4BF5-A730-552FF3601611} = {A9C4F2CA-2A49-4B76-BB26-7B53FB96910F}
		{C57D2C2D-D9BD-46AB-9C04-2EB305238A57} = {A9C4F2CA-2A49-4B76-BB26-7B53FB96910F}
		{5878316F-0B0A-4216-A44E-474F0D96AFB1} = {452E65C3-D95F-4241-8FE6-45818E1585B8}
		{B0E69A3E-32D2-45F4-9AB5-5C09E23BE24B} = {452E65C3-D95F-4241-8FE6-45818E1585B8}
		{4E78D2A7-9BE2-4472-B5A4-6E6A9D4C8229} = {22957402-E2A7-45E8-96DE-005EF0DA6D88}
		{49BF5B8E-2ABF-4927-A469-C84A386CC521} = {22957402-E2A7-45E8-96DE-005EF0DA6D88}
		{0FDE2B6C-BE1D-452A-96BF-FF9695992CF0} = {93DDE28D-BF99-4E06-9988-AAF1F01C87EE}
		{D67F9A31-7CB8-4245-8B05-42802E1B6AFA} = {93DDE28D-BF99-4E06-9988-AAF1F01C87EE}
		{9739FE31-05BC-438E-965D-D8FDA543C0D3} = {93DDE28D-BF99-4E06-9988-AAF1F01C87EE}
		{33741A9D-3A8B-42D4-BC11-5081A071CA8A} = {93DDE28D-BF99-4E06-9988-AAF1F01C87EE}
		{C8482A71-6CBC-4E52-A0B0-8C57A51C3239} = {93DDE28D-BF99-4E06-9988-AAF1F01C87EE}
		{C0F0943A-13BA-494A-9EBA-D956FE440060} = {5CF0B83C-ECA0-4EEB-AC2A-4926103CCB1A}
		{3C225C64-05A5-403A-AC60-AC238759AD11} = {5CF0B83C-ECA0-4EEB-AC2A-4926103CCB1A}
		{D7ED6CEB-FFE5-4687-B228-788C030F87E1} = {5CF0B83C-ECA0-4EEB-AC2A-4926103CCB1A}
	EndGlobalSection
	GlobalSection(ExtensibilityGlobals) = postSolution
		SolutionGuid = {7F9BE623-07B7-495E-9D66-AF0A4BFC1114}
	EndGlobalSection
EndGlobal
